
Microsoft Visual Studio Solution File, Format Version 12.00
# Visual Studio Version 17
VisualStudioVersion = 17.3.32922.545
MinimumVisualStudioVersion = 10.0.40219.1
Project("{8BC9CEB8-8B4A-11D0-8D11-00A0C91BC942}") = "SDLRenderer", "SDLRenderer\SDLRenderer.vcxproj", "{55BC96D4-39FA-46AA-B811-379B56B83EAF}"
EndProject
Project("{8BC9CEB8-8B4A-11D0-8D11-00A0C91BC942}") = "VoxelRT", "VoxelRT\VoxelRT.vcxproj", "{35CD9DF1-B607-91A9-1E0E-3A390C53A9D7}"
	ProjectSection(ProjectDependencies) = postProject
		{31FFA271-EB4B-492B-ADBA-9E1D30E56D72} = {31FFA271-EB4B-492B-ADBA-9E1D30E56D72}
	EndProjectSection
EndProject
Project("{8BC9CEB8-8B4A-11D0-8D11-00A0C91BC942}") = "VoxelApp", "VoxelApp\VoxelApp.vcxproj", "{4D69AF2C-C3EC-417E-8AE7-1D5D3BFFB817}"
	ProjectSection(ProjectDependencies) = postProject
		{31FFA271-EB4B-492B-ADBA-9E1D30E56D72} = {31FFA271-EB4B-492B-ADBA-9E1D30E56D72}
	EndProjectSection
EndProject
Project("{8BC9CEB8-8B4A-11D0-8D11-00A0C91BC942}") = "CommonLib", "CommonLib\CommonLib.vcxproj", "{31FFA271-EB4B-492B-ADBA-9E1D30E56D72}"
EndProject
Global
	GlobalSection(SolutionConfigurationPlatforms) = preSolution
		Debug|x64 = Debug|x64
		Debug|x86 = Debug|x86
		Release|x64 = Release|x64
		Release|x86 = Release|x86
	EndGlobalSection
	GlobalSection(ProjectConfigurationPlatforms) = postSolution
		{55BC96D4-39FA-46AA-B811-379B56B83EAF}.Debug|x64.ActiveCfg = Debug|x64
		{55BC96D4-39FA-46AA-B811-379B56B83EAF}.Debug|x64.Build.0 = Debug|x64
		{55BC96D4-39FA-46AA-B811-379B56B83EAF}.Debug|x86.ActiveCfg = Debug|Win32
		{55BC96D4-39FA-46AA-B811-379B56B83EAF}.Debug|x86.Build.0 = Debug|Win32
		{55BC96D4-39FA-46AA-B811-379B56B83EAF}.Release|x64.ActiveCfg = Release|x64
		{55BC96D4-39FA-46AA-B811-379B56B83EAF}.Release|x64.Build.0 = Release|x64
		{55BC96D4-39FA-46AA-B811-379B56B83EAF}.Release|x86.ActiveCfg = Release|Win32
		{55BC96D4-39FA-46AA-B811-379B56B83EAF}.Release|x86.Build.0 = Release|Win32
		{35CD9DF1-B607-91A9-1E0E-3A390C53A9D7}.Debug|x64.ActiveCfg = Debug|x64
		{35CD9DF1-B607-91A9-1E0E-3A390C53A9D7}.Debug|x64.Build.0 = Debug|x64
		{35CD9DF1-B607-91A9-1E0E-3A390C53A9D7}.Debug|x86.ActiveCfg = Debug|x64
		{35CD9DF1-B607-91A9-1E0E-3A390C53A9D7}.Debug|x86.Build.0 = Debug|x64
		{35CD9DF1-B607-91A9-1E0E-3A390C53A9D7}.Release|x64.ActiveCfg = Release|x64
		{35CD9DF1-B607-91A9-1E0E-3A390C53A9D7}.Release|x64.Build.0 = Release|x64
		{35CD9DF1-B607-91A9-1E0E-3A390C53A9D7}.Release|x86.ActiveCfg = Release|x64
		{35CD9DF1-B607-91A9-1E0E-3A390C53A9D7}.Release|x86.Build.0 = Release|x64
		{4D69AF2C-C3EC-417E-8AE7-1D5D3BFFB817}.Debug|x64.ActiveCfg = Debug|x64
		{4D69AF2C-C3EC-417E-8AE7-1D5D3BFFB817}.Debug|x64.Build.0 = Debug|x64
		{4D69AF2C-C3EC-417E-8AE7-1D5D3BFFB817}.Debug|x86.ActiveCfg = Debug|Win32
		{4D69AF2C-C3EC-417E-8AE7-1D5D3BFFB817}.Debug|x86.Build.0 = Debug|Win32
		{4D69AF2C-C3EC-417E-8AE7-1D5D3BFFB817}.Release|x64.ActiveCfg = Release|x64
		{4D69AF2C-C3EC-417E-8AE7-1D5D3BFFB817}.Release|x64.Build.0 = Release|x64
		{4D69AF2C-C3EC-417E-8AE7-1D5D3BFFB817}.Release|x86.ActiveCfg = Release|Win32
		{4D69AF2C-C3EC-417E-8AE7-1D5D3BFFB817}.Release|x86.Build.0 = Release|Win32
		{31FFA271-EB4B-492B-ADBA-9E1D30E56D72}.Debug|x64.ActiveCfg = Debug|x64
		{31FFA271-EB4B-492B-ADBA-9E1D30E56D72}.Debug|x64.Build.0 = Debug|x64
		{31FFA271-EB4B-492B-ADBA-9E1D30E56D72}.Debug|x86.ActiveCfg = Debug|Win32
		{31FFA271-EB4B-492B-ADBA-9E1D30E56D72}.Debug|x86.Build.0 = Debug|Win32
		{31FFA271-EB4B-492B-ADBA-9E1D30E56D72}.Release|x64.ActiveCfg = Release|x64
		{31FFA271-EB4B-492B-ADBA-9E1D30E56D72}.Release|x64.Build.0 = Release|x64
		{31FFA271-EB4B-492B-ADBA-9E1D30E56D72}.Release|x86.ActiveCfg = Release|Win32
		{31FFA271-EB4B-492B-ADBA-9E1D30E56D72}.Release|x86.Build.0 = Release|Win32
	EndGlobalSection
	GlobalSection(SolutionProperties) = preSolution
		HideSolutionNode = FALSE
	EndGlobalSection
	GlobalSection(ExtensibilityGlobals) = postSolution
		SolutionGuid = {58950E7D-3129-40FE-8D7B-C8A857E80286}
	EndGlobalSection
EndGlobal
